{
    "hash": "b0f0492dc7e6fdabc997257be5021dda",
    "packages": [
        {
            "package": "imagine/Imagine",
            "version": "v0.2.8"
        },
        {
            "package": "phly/mustache",
            "version": "1.0.0"
        }
    ],
    "packages-dev": [
        {
            "package": "kriswallsmith/assetic",
            "version": "1.0.x-dev",
            "source-reference": "272e14b76f9d638b6cf7d94afa64b3ad9261bb6c"
        },
        {
            "package": "symfony/console",
            "version": "dev-master",
            "source-reference": "f62b4157eb3382e48f0a8ea0259d78c85d1933ce",
            "alias": "2.1.9999999.9999999-dev"
        },
        {
            "package": "symfony/finder",
            "version": "dev-master",
            "source-reference": "579244c1b21808bc6f9fe2284bf76cb0dc3f7334",
            "alias": "2.1.9999999.9999999-dev"
        }
    ],
    "aliases": [

    ]
}
